
Microsoft Visual Studio Solution File, Format Version 12.00
# Visual Studio Version 17
VisualStudioVersion = 17.3.32929.385
MinimumVisualStudioVersion = 10.0.40219.1
Project("{FAE04EC0-301F-11D3-BF4B-00C04F79EFBC}") = "extracting-algo", "extracting-algo.csproj", "{B8795A44-B6E4-4D2C-BC69-C1B8B8A29BE9}"
EndProject
Global
	GlobalSection(SolutionConfigurationPlatforms) = preSolution
		Debug|Any CPU = Debug|Any CPU
		Release|Any CPU = Release|Any CPU
	EndGlobalSection
	GlobalSection(ProjectConfigurationPlatforms) = postSolution
		{B8795A44-B6E4-4D2C-BC69-C1B8B8A29BE9}.Debug|Any CPU.ActiveCfg = Debug|Any CPU
		{B8795A44-B6E4-4D2C-BC69-C1B8B8A29BE9}.Debug|Any CPU.Build.0 = Debug|Any CPU
		{B8795A44-B6E4-4D2C-BC69-C1B8B8A29BE9}.Release|Any CPU.ActiveCfg = Release|Any CPU
		{B8795A44-B6E4-4D2C-BC69-C1B8B8A29BE9}.Release|Any CPU.Build.0 = Release|Any CPU
	EndGlobalSection
	GlobalSection(SolutionProperties) = preSolution
		HideSolutionNode = FALSE
	EndGlobalSection
	GlobalSection(ExtensibilityGlobals) = postSolution
		SolutionGuid = {7DF78A14-4940-4C04-B261-562C8EBFDD5A}
	EndGlobalSection
EndGlobal
